// !$*UTF8*$!
{
	archiveVersion = 1;
	classes = {
	};
	objectVersion = 56;
	objects = {

/* Begin PBXBuildFile section */
		841BA140293D583F00B4ACDA /* AppDelegate.swift in Sources */ = {isa = PBXBuildFile; fileRef = 841BA13F293D583F00B4ACDA /* AppDelegate.swift */; };
		841BA142293D583F00B4ACDA /* SceneDelegate.swift in Sources */ = {isa = PBXBuildFile; fileRef = 841BA141293D583F00B4ACDA /* SceneDelegate.swift */; };
		841BA144293D583F00B4ACDA /* ViewController.swift in Sources */ = {isa = PBXBuildFile; fileRef = 841BA143293D583F00B4ACDA /* ViewController.swift */; };
		841BA147293D583F00B4ACDA /* Main.storyboard in Resources */ = {isa = PBXBuildFile; fileRef = 841BA145293D583F00B4ACDA /* Main.storyboard */; };
		841BA149293D584300B4ACDA /* Assets.xcassets in Resources */ = {isa = PBXBuildFile; fileRef = 841BA148293D584300B4ACDA /* Assets.xcassets */; };
		841BA14C293D584300B4ACDA /* LaunchScreen.storyboard in Resources */ = {isa = PBXBuildFile; fileRef = 841BA14A293D584300B4ACDA /* LaunchScreen.storyboard */; };
		841BA154293D59B600B4ACDA /* MyReminder.swift in Sources */ = {isa = PBXBuildFile; fileRef = 841BA153293D59B600B4ACDA /* MyReminder.swift */; };
		841BA156293D5DE800B4ACDA /* AddReminderController.swift in Sources */ = {isa = PBXBuildFile; fileRef = 841BA155293D5DE800B4ACDA /* AddReminderController.swift */; };
/* End PBXBuildFile section */

/* Begin PBXFileReference section */
		841BA13C293D583F00B4ACDA /* Reminder (Local Notification).app */ = {isa = PBXFileReference; explicitFileType = wrapper.application; includeInIndex = 0; path = "Reminder (Local Notification).app"; sourceTree = BUILT_PRODUCTS_DIR; };
		841BA13F293D583F00B4ACDA /* AppDelegate.swift */ = {isa = PBXFileReference; lastKnownFileType = sourcecode.swift; path = AppDelegate.swift; sourceTree = "<group>"; };
		841BA141293D583F00B4ACDA /* SceneDelegate.swift */ = {isa = PBXFileReference; lastKnownFileType = sourcecode.swift; path = SceneDelegate.swift; sourceTree = "<group>"; };
		841BA143293D583F00B4ACDA /* ViewController.swift */ = {isa = PBXFileReference; lastKnownFileType = sourcecode.swift; path = ViewController.swift; sourceTree = "<group>"; };
		841BA146293D583F00B4ACDA /* Base */ = {isa = PBXFileReference; lastKnownFileType = file.storyboard; name = Base; path = Base.lproj/Main.storyboard; sourceTree = "<group>"; };
		841BA148293D584300B4ACDA /* Assets.xcassets */ = {isa = PBXFileReference; lastKnownFileType = folder.assetcatalog; path = Assets.xcassets; sourceTree = "<group>"; };
		841BA14B293D584300B4ACDA /* Base */ = {isa = PBXFileReference; lastKnownFileType = file.storyboard; name = Base; path = Base.lproj/LaunchScreen.storyboard; sourceTree = "<group>"; };
		841BA14D293D584300B4ACDA /* Info.plist */ = {isa = PBXFileReference; lastKnownFileType = text.plist.xml; path = Info.plist; sourceTree = "<group>"; };
		841BA153293D59B600B4ACDA /* MyReminder.swift */ = {isa = PBXFileReference; lastKnownFileType = sourcecode.swift; path = MyReminder.swift; sourceTree = "<group>"; };
		841BA155293D5DE800B4ACDA /* AddReminderController.swift */ = {isa = PBXFileReference; lastKnownFileType = sourcecode.swift; path = AddReminderController.swift; sourceTree = "<group>"; };
/* End PBXFileReference section */

/* Begin PBXFrameworksBuildPhase section */
		841BA139293D583F00B4ACDA /* Frameworks */ = {
			isa = PBXFrameworksBuildPhase;
			buildActionMask = 2147483647;
			files = (
			);
			runOnlyForDeploymentPostprocessing = 0;
		};
/* End PBXFrameworksBuildPhase section */

/* Begin PBXGroup section */
		841BA133293D583F00B4ACDA = {
			isa = PBXGroup;
			children = (
				841BA13E293D583F00B4ACDA /* Reminder (Local Notification) */,
				841BA13D293D583F00B4ACDA /* Products */,
			);
			sourceTree = "<group>";
		};
		841BA13D293D583F00B4ACDA /* Products */ = {
			isa = PBXGroup;
			children = (
				841BA13C293D583F00B4ACDA /* Reminder (Local Notification).app */,
			);
			name = Products;
			sourceTree = "<group>";
		};
		841BA13E293D583F00B4ACDA /* Reminder (Local Notification) */ = {
			isa = PBXGroup;
			children = (
				841BA13F293D583F00B4ACDA /* AppDelegate.swift */,
				841BA141293D583F00B4ACDA /* SceneDelegate.swift */,
				841BA143293D583F00B4ACDA /* ViewController.swift */,
				841BA153293D59B600B4ACDA /* MyReminder.swift */,
				841BA155293D5DE800B4ACDA /* AddReminderController.swift */,
				841BA145293D583F00B4ACDA /* Main.storyboard */,
				841BA148293D584300B4ACDA /* Assets.xcassets */,
				841BA14A293D584300B4ACDA /* LaunchScreen.storyboard */,
				841BA14D293D584300B4ACDA /* Info.plist */,
			);
			path = "Reminder (Local Notification)";
			sourceTree = "<group>";
		};
/* End PBXGroup section */

/* Begin PBXNativeTarget section */
		841BA13B293D583F00B4ACDA /* Reminder (Local Notification) */ = {
			isa = PBXNativeTarget;
			buildConfigurationList = 841BA150293D584300B4ACDA /* Build configuration list for PBXNativeTarget "Reminder (Local Notification)" */;
			buildPhases = (
				841BA138293D583F00B4ACDA /* Sources */,
				841BA139293D583F00B4ACDA /* Frameworks */,
				841BA13A293D583F00B4ACDA /* Resources */,
			);
			buildRules = (
			);
			dependencies = (
			);
			name = "Reminder (Local Notification)";
			productName = "Reminder (Local Notification)";
			productReference = 841BA13C293D583F00B4ACDA /* Reminder (Local Notification).app */;
			productType = "com.apple.product-type.application";
		};
/* End PBXNativeTarget section */

/* Begin PBXProject section */
		841BA134293D583F00B4ACDA /* Project object */ = {
			isa = PBXProject;
			attributes = {
				BuildIndependentTargetsInParallel = 1;
				LastSwiftUpdateCheck = 1400;
				LastUpgradeCheck = 1400;
				TargetAttributes = {
					841BA13B293D583F00B4ACDA = {
						CreatedOnToolsVersion = 14.0.1;
					};
				};
			};
			buildConfigurationList = 841BA137293D583F00B4ACDA /* Build configuration list for PBXProject "Reminder (Local Notification)" */;
			compatibilityVersion = "Xcode 14.0";
			developmentRegion = en;
			hasScannedForEncodings = 0;
			knownRegions = (
				en,
				Base,
			);
			mainGroup = 841BA133293D583F00B4ACDA;
			productRefGroup = 841BA13D293D583F00B4ACDA /* Products */;
			projectDirPath = "";
			projectRoot = "";
			targets = (
				841BA13B293D583F00B4ACDA /* Reminder (Local Notification) */,
			);
		};
/* End PBXProject section */

/* Begin PBXResourcesBuildPhase section */
		841BA13A293D583F00B4ACDA /* Resources */ = {
			isa = PBXResourcesBuildPhase;
			buildActionMask = 2147483647;
			files = (
				841BA14C293D584300B4ACDA /* LaunchScreen.storyboard in Resources */,
				841BA149293D584300B4ACDA /* Assets.xcassets in Resources */,
				841BA147293D583F00B4ACDA /* Main.storyboard in Resources */,
			);
			runOnlyForDeploymentPostprocessing = 0;
		};
/* End PBXResourcesBuildPhase section */

/* Begin PBXSourcesBuildPhase section */
		841BA138293D583F00B4ACDA /* Sources */ = {
			isa = PBXSourcesBuildPhase;
			buildActionMask = 2147483647;
			files = (
				841BA144293D583F00B4ACDA /* ViewController.swift in Sources */,
				841BA140293D583F00B4ACDA /* AppDelegate.swift in Sources */,
				841BA142293D583F00B4ACDA /* SceneDelegate.swift in Sources */,
				841BA154293D59B600B4ACDA /* MyReminder.swift in Sources */,
				841BA156293D5DE800B4ACDA /* AddReminderController.swift in Sources */,
			);
			runOnlyForDeploymentPostprocessing = 0;
		};
/* End PBXSourcesBuildPhase section */

/* Begin PBXVariantGroup section */
		841BA145293D583F00B4ACDA /* Main.storyboard */ = {
			isa = PBXVariantGroup;
			children = (
				841BA146293D583F00B4ACDA /* Base */,
			);
			name = Main.storyboard;
			sourceTree = "<group>";
		};
		841BA14A293D584300B4ACDA /* LaunchScreen.storyboard */ = {
			isa = PBXVariantGroup;
			children = (
				841BA14B293D584300B4ACDA /* Base */,
			);
			name = LaunchScreen.storyboard;
			sourceTree = "<group>";
		};
/* End PBXVariantGroup section */

/* Begin XCBuildConfiguration section */
		841BA14E293D584300B4ACDA /* Debug */ = {
			isa = XCBuildConfiguration;
			buildSettings = {
				ALWAYS_SEARCH_USER_PATHS = NO;
				CLANG_ANALYZER_NONNULL = YES;
				CLANG_ANALYZER_NUMBER_OBJECT_CONVERSION = YES_AGGRESSIVE;
				CLANG_CXX_LANGUAGE_STANDARD = "gnu++20";
				CLANG_ENABLE_MODULES = YES;
				CLANG_ENABLE_OBJC_ARC = YES;
				CLANG_ENABLE_OBJC_WEAK = YES;
				CLANG_WARN_BLOCK_CAPTURE_AUTORELEASING = YES;
				CLANG_WARN_BOOL_CONVERSION = YES;
				CLANG_WARN_COMMA = YES;
				CLANG_WARN_CONSTANT_CONVERSION = YES;
				CLANG_WARN_DEPRECATED_OBJC_IMPLEMENTATIONS = YES;
				CLANG_WARN_DIRECT_OBJC_ISA_USAGE = YES_ERROR;
				CLANG_WARN_DOCUMENTATION_COMMENTS = YES;
				CLANG_WARN_EMPTY_BODY = YES;
				CLANG_WARN_ENUM_CONVERSION = YES;
				CLANG_WARN_INFINITE_RECURSION = YES;
				CLANG_WARN_INT_CONVERSION = YES;
				CLANG_WARN_NON_LITERAL_NULL_CONVERSION = YES;
				CLANG_WARN_OBJC_IMPLICIT_RETAIN_SELF = YES;
				CLANG_WARN_OBJC_LITERAL_CONVERSION = YES;
				CLANG_WARN_OBJC_ROOT_CLASS = YES_ERROR;
				CLANG_WARN_QUOTED_INCLUDE_IN_FRAMEWORK_HEADER = YES;
				CLANG_WARN_RANGE_LOOP_ANALYSIS = YES;
				CLANG_WARN_STRICT_PROTOTYPES = YES;
				CLANG_WARN_SUSPICIOUS_MOVE = YES;
				CLANG_WARN_UNGUARDED_AVAILABILITY = YES_AGGRESSIVE;
				CLANG_WARN_UNREACHABLE_CODE = YES;
				CLANG_WARN__DUPLICATE_METHOD_MATCH = YES;
				COPY_PHASE_STRIP = NO;
				DEBUG_INFORMATION_FORMAT = dwarf;
				ENABLE_STRICT_OBJC_MSGSEND = YES;
				ENABLE_TESTABILITY = YES;
				GCC_C_LANGUAGE_STANDARD = gnu11;
				GCC_DYNAMIC_NO_PIC = NO;
				GCC_NO_COMMON_BLOCKS = YES;
				GCC_OPTIMIZATION_LEVEL = 0;
				GCC_PREPROCESSOR_DEFINITIONS = (
					"DEBUG=1",
					"$(inherited)",
				);
				GCC_WARN_64_TO_32_BIT_CONVERSION = YES;
				GCC_WARN_ABOUT_RETURN_TYPE = YES_ERROR;
				GCC_WARN_UNDECLARED_SELECTOR = YES;
				GCC_WARN_UNINITIALIZED_AUTOS = YES_AGGRESSIVE;
				GCC_WARN_UNUSED_FUNCTION = YES;
				GCC_WARN_UNUSED_VARIABLE = YES;
				IPHONEOS_DEPLOYMENT_TARGET = 16.0;
				MTL_ENABLE_DEBUG_INFO = INCLUDE_SOURCE;
				MTL_FAST_MATH = YES;
				ONLY_ACTIVE_ARCH = YES;
				SDKROOT = iphoneos;
				SWIFT_ACTIVE_COMPILATION_CONDITIONS = DEBUG;
				SWIFT_OPTIMIZATION_LEVEL = "-Onone";
			};
			name = Debug;
		};
		841BA14F293D584300B4ACDA /* Release */ = {
			isa = XCBuildConfiguration;
			buildSettings = {
				ALWAYS_SEARCH_USER_PATHS = NO;
				CLANG_ANALYZER_NONNULL = YES;
				CLANG_ANALYZER_NUMBER_OBJECT_CONVERSION = YES_AGGRESSIVE;
				CLANG_CXX_LANGUAGE_STANDARD = "gnu++20";
				CLANG_ENABLE_MODULES = YES;
				CLANG_ENABLE_OBJC_ARC = YES;
				CLANG_ENABLE_OBJC_WEAK = YES;
				CLANG_WARN_BLOCK_CAPTURE_AUTORELEASING = YES;
				CLANG_WARN_BOOL_CONVERSION = YES;
				CLANG_WARN_COMMA = YES;
				CLANG_WARN_CONSTANT_CONVERSION = YES;
				CLANG_WARN_DEPRECATED_OBJC_IMPLEMENTATIONS = YES;
				CLANG_WARN_DIRECT_OBJC_ISA_USAGE = YES_ERROR;
				CLANG_WARN_DOCUMENTATION_COMMENTS = YES;
				CLANG_WARN_EMPTY_BODY = YES;
				CLANG_WARN_ENUM_CONVERSION = YES;
				CLANG_WARN_INFINITE_RECURSION = YES;
				CLANG_WARN_INT_CONVERSION = YES;
				CLANG_WARN_NON_LITERAL_NULL_CONVERSION = YES;
				CLANG_WARN_OBJC_IMPLICIT_RETAIN_SELF = YES;
				CLANG_WARN_OBJC_LITERAL_CONVERSION = YES;
				CLANG_WARN_OBJC_ROOT_CLASS = YES_ERROR;
				CLANG_WARN_QUOTED_INCLUDE_IN_FRAMEWORK_HEADER = YES;
				CLANG_WARN_RANGE_LOOP_ANALYSIS = YES;
				CLANG_WARN_STRICT_PROTOTYPES = YES;
				CLANG_WARN_SUSPICIOUS_MOVE = YES;
				CLANG_WARN_UNGUARDED_AVAILABILITY = YES_AGGRESSIVE;
				CLANG_WARN_UNREACHABLE_CODE = YES;
				CLANG_WARN__DUPLICATE_METHOD_MATCH = YES;
				COPY_PHASE_STRIP = NO;
				DEBUG_INFORMATION_FORMAT = "dwarf-with-dsym";
				ENABLE_NS_ASSERTIONS = NO;
				ENABLE_STRICT_OBJC_MSGSEND = YES;
				GCC_C_LANGUAGE_STANDARD = gnu11;
				GCC_NO_COMMON_BLOCKS = YES;
				GCC_WARN_64_TO_32_BIT_CONVERSION = YES;
				GCC_WARN_ABOUT_RETURN_TYPE = YES_ERROR;
				GCC_WARN_UNDECLARED_SELECTOR = YES;
				GCC_WARN_UNINITIALIZED_AUTOS = YES_AGGRESSIVE;
				GCC_WARN_UNUSED_FUNCTION = YES;
				GCC_WARN_UNUSED_VARIABLE = YES;
				IPHONEOS_DEPLOYMENT_TARGET = 16.0;
				MTL_ENABLE_DEBUG_INFO = NO;
				MTL_FAST_MATH = YES;
				SDKROOT = iphoneos;
				SWIFT_COMPILATION_MODE = wholemodule;
				SWIFT_OPTIMIZATION_LEVEL = "-O";
				VALIDATE_PRODUCT = YES;
			};
			name = Release;
		};
		841BA151293D584300B4ACDA /* Debug */ = {
			isa = XCBuildConfiguration;
			buildSettings = {
				ASSETCATALOG_COMPILER_APPICON_NAME = AppIcon;
				ASSETCATALOG_COMPILER_GLOBAL_ACCENT_COLOR_NAME = AccentColor;
				CODE_SIGN_STYLE = Automatic;
				CURRENT_PROJECT_VERSION = 1;
				GENERATE_INFOPLIST_FILE = YES;
				INFOPLIST_FILE = "Reminder (Local Notification)/Info.plist";
				INFOPLIST_KEY_UIApplicationSupportsIndirectInputEvents = YES;
				INFOPLIST_KEY_UILaunchStoryboardName = LaunchScreen;
				INFOPLIST_KEY_UIMainStoryboardFile = Main;
				INFOPLIST_KEY_UISupportedInterfaceOrientations_iPad = "UIInterfaceOrientationPortrait UIInterfaceOrientationPortraitUpsideDown UIInterfaceOrientationLandscapeLeft UIInterfaceOrientationLandscapeRight";
				INFOPLIST_KEY_UISupportedInterfaceOrientations_iPhone = "UIInterfaceOrientationPortrait UIInterfaceOrientationLandscapeLeft UIInterfaceOrientationLandscapeRight";
				LD_RUNPATH_SEARCH_PATHS = (
					"$(inherited)",
					"@executable_path/Frameworks",
				);
				MARKETING_VERSION = 1.0;
				PRODUCT_BUNDLE_IDENTIFIER = "com.bridgelabz.Reminder--Local-Notification-";
				PRODUCT_NAME = "$(TARGET_NAME)";
				SWIFT_EMIT_LOC_STRINGS = YES;
				SWIFT_VERSION = 5.0;
				TARGETED_DEVICE_FAMILY = "1,2";
			};
			name = Debug;
		};
		841BA152293D584300B4ACDA /* Release */ = {
			isa = XCBuildConfiguration;
			buildSettings = {
				ASSETCATALOG_COMPILER_APPICON_NAME = AppIcon;
				ASSETCATALOG_COMPILER_GLOBAL_ACCENT_COLOR_NAME = AccentColor;
				CODE_SIGN_STYLE = Automatic;
				CURRENT_PROJECT_VERSION = 1;
				GENERATE_INFOPLIST_FILE = YES;
				INFOPLIST_FILE = "Reminder (Local Notification)/Info.plist";
				INFOPLIST_KEY_UIApplicationSupportsIndirectInputEvents = YES;
				INFOPLIST_KEY_UILaunchStoryboardName = LaunchScreen;
				INFOPLIST_KEY_UIMainStoryboardFile = Main;
				INFOPLIST_KEY_UISupportedInterfaceOrientations_iPad = "UIInterfaceOrientationPortrait UIInterfaceOrientationPortraitUpsideDown UIInterfaceOrientationLandscapeLeft UIInterfaceOrientationLandscapeRight";
				INFOPLIST_KEY_UISupportedInterfaceOrientations_iPhone = "UIInterfaceOrientationPortrait UIInterfaceOrientationLandscapeLeft UIInterfaceOrientationLandscapeRight";
				LD_RUNPATH_SEARCH_PATHS = (
					"$(inherited)",
					"@executable_path/Frameworks",
				);
				MARKETING_VERSION = 1.0;
				PRODUCT_BUNDLE_IDENTIFIER = "com.bridgelabz.Reminder--Local-Notification-";
				PRODUCT_NAME = "$(TARGET_NAME)";
				SWIFT_EMIT_LOC_STRINGS = YES;
				SWIFT_VERSION = 5.0;
				TARGETED_DEVICE_FAMILY = "1,2";
			};
			name = Release;
		};
/* End XCBuildConfiguration section */

/* Begin XCConfigurationList section */
		841BA137293D583F00B4ACDA /* Build configuration list for PBXProject "Reminder (Local Notification)" */ = {
			isa = XCConfigurationList;
			buildConfigurations = (
				841BA14E293D584300B4ACDA /* Debug */,
				841BA14F293D584300B4ACDA /* Release */,
			);
			defaultConfigurationIsVisible = 0;
			defaultConfigurationName = Release;
		};
		841BA150293D584300B4ACDA /* Build configuration list for PBXNativeTarget "Reminder (Local Notification)" */ = {
			isa = XCConfigurationList;
			buildConfigurations = (
				841BA151293D584300B4ACDA /* Debug */,
				841BA152293D584300B4ACDA /* Release */,
			);
			defaultConfigurationIsVisible = 0;
			defaultConfigurationName = Release;
		};
/* End XCConfigurationList section */
	};
	rootObject = 841BA134293D583F00B4ACDA /* Project object */;
}
